
Microsoft Visual Studio Solution File, Format Version 12.00
# Visual Studio Version 17
VisualStudioVersion = 17.14.36203.30 d17.14
MinimumVisualStudioVersion = 10.0.40219.1
Project("{FAE04EC0-301F-11D3-BF4B-00C04F79EFBC}") = "Algorithm", "Algorithm.csproj", "{D2CA77F2-9A9E-4C5F-B86E-7720BCE17492}"
EndProject
Global
	GlobalSection(SolutionConfigurationPlatforms) = preSolution
		Debug|Any CPU = Debug|Any CPU
		Release|Any CPU = Release|Any CPU
	EndGlobalSection
	GlobalSection(ProjectConfigurationPlatforms) = postSolution
		{D2CA77F2-9A9E-4C5F-B86E-7720BCE17492}.Debug|Any CPU.ActiveCfg = Debug|Any CPU
		{D2CA77F2-9A9E-4C5F-B86E-7720BCE17492}.Debug|Any CPU.Build.0 = Debug|Any CPU
		{D2CA77F2-9A9E-4C5F-B86E-7720BCE17492}.Release|Any CPU.ActiveCfg = Release|Any CPU
		{D2CA77F2-9A9E-4C5F-B86E-7720BCE17492}.Release|Any CPU.Build.0 = Release|Any CPU
	EndGlobalSection
	GlobalSection(SolutionProperties) = preSolution
		HideSolutionNode = FALSE
	EndGlobalSection
	GlobalSection(ExtensibilityGlobals) = postSolution
		SolutionGuid = {13504578-8876-4390-B8F8-02C2AF91412F}
	EndGlobalSection
EndGlobal
